
Microsoft Visual Studio Solution File, Format Version 12.00
# Visual Studio Version 17
VisualStudioVersion = 17.8.34408.163
MinimumVisualStudioVersion = 10.0.40219.1
Project("{8BC9CEB8-8B4A-11D0-8D11-00A0C91BC942}") = "week2", "week2.vcxproj", "{B78C2951-9C67-45DB-9280-349898FECA54}"
EndProject
Global
	GlobalSection(SolutionConfigurationPlatforms) = preSolution
		Debug|x64 = Debug|x64
		Debug|x86 = Debug|x86
		Release|x64 = Release|x64
		Release|x86 = Release|x86
	EndGlobalSection
	GlobalSection(ProjectConfigurationPlatforms) = postSolution
		{B78C2951-9C67-45DB-9280-349898FECA54}.Debug|x64.ActiveCfg = Debug|x64
		{B78C2951-9C67-45DB-9280-349898FECA54}.Debug|x64.Build.0 = Debug|x64
		{B78C2951-9C67-45DB-9280-349898FECA54}.Debug|x86.ActiveCfg = Debug|Win32
		{B78C2951-9C67-45DB-9280-349898FECA54}.Debug|x86.Build.0 = Debug|Win32
		{B78C2951-9C67-45DB-9280-349898FECA54}.Release|x64.ActiveCfg = Release|x64
		{B78C2951-9C67-45DB-9280-349898FECA54}.Release|x64.Build.0 = Release|x64
		{B78C2951-9C67-45DB-9280-349898FECA54}.Release|x86.ActiveCfg = Release|Win32
		{B78C2951-9C67-45DB-9280-349898FECA54}.Release|x86.Build.0 = Release|Win32
	EndGlobalSection
	GlobalSection(SolutionProperties) = preSolution
		HideSolutionNode = FALSE
	EndGlobalSection
	GlobalSection(ExtensibilityGlobals) = postSolution
		SolutionGuid = {D9F5F44F-422E-4602-A505-D4C35D9B0BE0}
	EndGlobalSection
EndGlobal
